
Microsoft Visual Studio Solution File, Format Version 12.00
# Visual Studio Version 16
VisualStudioVersion = 16.0.31025.194
MinimumVisualStudioVersion = 10.0.40219.1
Project("{FAE04EC0-301F-11D3-BF4B-00C04F79EFBC}") = "AttendanceSystem", "AttendanceSystem\AttendanceSystem.csproj", "{6CC3BBA6-1FD2-45F5-9666-20F0BFEF7AB9}"
EndProject
Global
	GlobalSection(SolutionConfigurationPlatforms) = preSolution
		Debug|Any CPU = Debug|Any CPU
		Release|Any CPU = Release|Any CPU
	EndGlobalSection
	GlobalSection(ProjectConfigurationPlatforms) = postSolution
		{6CC3BBA6-1FD2-45F5-9666-20F0BFEF7AB9}.Debug|Any CPU.ActiveCfg = Debug|Any CPU
		{6CC3BBA6-1FD2-45F5-9666-20F0BFEF7AB9}.Debug|Any CPU.Build.0 = Debug|Any CPU
		{6CC3BBA6-1FD2-45F5-9666-20F0BFEF7AB9}.Release|Any CPU.ActiveCfg = Release|Any CPU
		{6CC3BBA6-1FD2-45F5-9666-20F0BFEF7AB9}.Release|Any CPU.Build.0 = Release|Any CPU
	EndGlobalSection
	GlobalSection(SolutionProperties) = preSolution
		HideSolutionNode = FALSE
	EndGlobalSection
	GlobalSection(ExtensibilityGlobals) = postSolution
		SolutionGuid = {D6E47D07-CCDE-4FBE-8DB2-80D8760B1362}
	EndGlobalSection
EndGlobal
